
Microsoft Visual Studio Solution File, Format Version 12.00
# Visual Studio Version 17
VisualStudioVersion = 17.7.34221.43
MinimumVisualStudioVersion = 10.0.40219.1
Project("{FAE04EC0-301F-11D3-BF4B-00C04F79EFBC}") = "Setters&Getters", "Setters&Getters\Setters&Getters.csproj", "{DDFE61B8-38CC-4AC8-9219-389E04E321E9}"
EndProject
Project("{FAE04EC0-301F-11D3-BF4B-00C04F79EFBC}") = "EmployeeProperty", "EmployeeProperty\EmployeeProperty.csproj", "{D10E8BE3-8BA2-43B5-A6BF-2E6FEBCCD9A4}"
EndProject
Project("{FAE04EC0-301F-11D3-BF4B-00C04F79EFBC}") = "PropertyCitie", "PropertyCitie\PropertyCitie.csproj", "{72ECDFCD-DB40-4CF1-9220-80F9DA964CEC}"
EndProject
Global
	GlobalSection(SolutionConfigurationPlatforms) = preSolution
		Debug|Any CPU = Debug|Any CPU
		Release|Any CPU = Release|Any CPU
	EndGlobalSection
	GlobalSection(ProjectConfigurationPlatforms) = postSolution
		{DDFE61B8-38CC-4AC8-9219-389E04E321E9}.Debug|Any CPU.ActiveCfg = Debug|Any CPU
		{DDFE61B8-38CC-4AC8-9219-389E04E321E9}.Debug|Any CPU.Build.0 = Debug|Any CPU
		{DDFE61B8-38CC-4AC8-9219-389E04E321E9}.Release|Any CPU.ActiveCfg = Release|Any CPU
		{DDFE61B8-38CC-4AC8-9219-389E04E321E9}.Release|Any CPU.Build.0 = Release|Any CPU
		{D10E8BE3-8BA2-43B5-A6BF-2E6FEBCCD9A4}.Debug|Any CPU.ActiveCfg = Debug|Any CPU
		{D10E8BE3-8BA2-43B5-A6BF-2E6FEBCCD9A4}.Debug|Any CPU.Build.0 = Debug|Any CPU
		{D10E8BE3-8BA2-43B5-A6BF-2E6FEBCCD9A4}.Release|Any CPU.ActiveCfg = Release|Any CPU
		{D10E8BE3-8BA2-43B5-A6BF-2E6FEBCCD9A4}.Release|Any CPU.Build.0 = Release|Any CPU
		{72ECDFCD-DB40-4CF1-9220-80F9DA964CEC}.Debug|Any CPU.ActiveCfg = Debug|Any CPU
		{72ECDFCD-DB40-4CF1-9220-80F9DA964CEC}.Debug|Any CPU.Build.0 = Debug|Any CPU
		{72ECDFCD-DB40-4CF1-9220-80F9DA964CEC}.Release|Any CPU.ActiveCfg = Release|Any CPU
		{72ECDFCD-DB40-4CF1-9220-80F9DA964CEC}.Release|Any CPU.Build.0 = Release|Any CPU
	EndGlobalSection
	GlobalSection(SolutionProperties) = preSolution
		HideSolutionNode = FALSE
	EndGlobalSection
	GlobalSection(ExtensibilityGlobals) = postSolution
		SolutionGuid = {244C9F56-C64A-4364-94FB-223627C2DE99}
	EndGlobalSection
EndGlobal
